
Microsoft Visual Studio Solution File, Format Version 12.00
# Visual Studio 15
VisualStudioVersion = 15.0.26124.0
MinimumVisualStudioVersion = 15.0.26124.0
Project("{2150E333-8FDC-42A3-9474-1A3956D46DE8}") = "src", "src", "{58D57FC9-5BFD-4DA9-B217-BCAFAC63424A}"
EndProject
Project("{FAE04EC0-301F-11D3-BF4B-00C04F79EFBC}") = "Pick-em.Web", "src\Pick-em.Web\Pick-em.Web.csproj", "{635874B9-E619-474E-B3A8-677D84DDB447}"
EndProject
Project("{2150E333-8FDC-42A3-9474-1A3956D46DE8}") = "test", "test", "{44755F52-2465-40DA-9CB0-4DF0A367922F}"
EndProject
Project("{FAE04EC0-301F-11D3-BF4B-00C04F79EFBC}") = "Pick-em.Web.Test", "test\Pick-em.Web.Test\Pick-em.Web.Test.csproj", "{D5FBA316-6FA4-42AC-B055-0BB79768BDB1}"
EndProject
Project("{FAE04EC0-301F-11D3-BF4B-00C04F79EFBC}") = "Pick-em.Lib.Service", "src\Pick-em.Lib.Service\Pick-em.Lib.Service.csproj", "{BF1D1B48-4D44-4223-BDCD-8285601EB1B3}"
EndProject
Project("{FAE04EC0-301F-11D3-BF4B-00C04F79EFBC}") = "Pick-em.Lib.Service.Test", "test\Pick-em.Lib.Service.Test\Pick-em.Lib.Service.Test.csproj", "{0E89A725-5187-428E-993F-67B8EB7A1D3C}"
EndProject
Project("{FAE04EC0-301F-11D3-BF4B-00C04F79EFBC}") = "Pick-em.Lib.Domain", "src\Pick-em.Lib.Domain\Pick-em.Lib.Domain.csproj", "{533F24AB-8051-4CD0-9267-597E7C397F40}"
EndProject
Project("{FAE04EC0-301F-11D3-BF4B-00C04F79EFBC}") = "Pick-em.Lib.Domain.Test", "test\Pick-em.Lib.Domain.Test\Pick-em.Lib.Domain.Test.csproj", "{8A49AE94-AFB8-4208-B283-D94213385FA8}"
EndProject
Global
	GlobalSection(SolutionConfigurationPlatforms) = preSolution
		Debug|Any CPU = Debug|Any CPU
		Debug|x64 = Debug|x64
		Debug|x86 = Debug|x86
		Release|Any CPU = Release|Any CPU
		Release|x64 = Release|x64
		Release|x86 = Release|x86
	EndGlobalSection
	GlobalSection(SolutionProperties) = preSolution
		HideSolutionNode = FALSE
	EndGlobalSection
	GlobalSection(ProjectConfigurationPlatforms) = postSolution
		{635874B9-E619-474E-B3A8-677D84DDB447}.Debug|Any CPU.ActiveCfg = Debug|Any CPU
		{635874B9-E619-474E-B3A8-677D84DDB447}.Debug|Any CPU.Build.0 = Debug|Any CPU
		{635874B9-E619-474E-B3A8-677D84DDB447}.Debug|x64.ActiveCfg = Debug|Any CPU
		{635874B9-E619-474E-B3A8-677D84DDB447}.Debug|x64.Build.0 = Debug|Any CPU
		{635874B9-E619-474E-B3A8-677D84DDB447}.Debug|x86.ActiveCfg = Debug|Any CPU
		{635874B9-E619-474E-B3A8-677D84DDB447}.Debug|x86.Build.0 = Debug|Any CPU
		{635874B9-E619-474E-B3A8-677D84DDB447}.Release|Any CPU.ActiveCfg = Release|Any CPU
		{635874B9-E619-474E-B3A8-677D84DDB447}.Release|Any CPU.Build.0 = Release|Any CPU
		{635874B9-E619-474E-B3A8-677D84DDB447}.Release|x64.ActiveCfg = Release|Any CPU
		{635874B9-E619-474E-B3A8-677D84DDB447}.Release|x64.Build.0 = Release|Any CPU
		{635874B9-E619-474E-B3A8-677D84DDB447}.Release|x86.ActiveCfg = Release|Any CPU
		{635874B9-E619-474E-B3A8-677D84DDB447}.Release|x86.Build.0 = Release|Any CPU
		{D5FBA316-6FA4-42AC-B055-0BB79768BDB1}.Debug|Any CPU.ActiveCfg = Debug|Any CPU
		{D5FBA316-6FA4-42AC-B055-0BB79768BDB1}.Debug|Any CPU.Build.0 = Debug|Any CPU
		{D5FBA316-6FA4-42AC-B055-0BB79768BDB1}.Debug|x64.ActiveCfg = Debug|Any CPU
		{D5FBA316-6FA4-42AC-B055-0BB79768BDB1}.Debug|x64.Build.0 = Debug|Any CPU
		{D5FBA316-6FA4-42AC-B055-0BB79768BDB1}.Debug|x86.ActiveCfg = Debug|Any CPU
		{D5FBA316-6FA4-42AC-B055-0BB79768BDB1}.Debug|x86.Build.0 = Debug|Any CPU
		{D5FBA316-6FA4-42AC-B055-0BB79768BDB1}.Release|Any CPU.ActiveCfg = Release|Any CPU
		{D5FBA316-6FA4-42AC-B055-0BB79768BDB1}.Release|Any CPU.Build.0 = Release|Any CPU
		{D5FBA316-6FA4-42AC-B055-0BB79768BDB1}.Release|x64.ActiveCfg = Release|Any CPU
		{D5FBA316-6FA4-42AC-B055-0BB79768BDB1}.Release|x64.Build.0 = Release|Any CPU
		{D5FBA316-6FA4-42AC-B055-0BB79768BDB1}.Release|x86.ActiveCfg = Release|Any CPU
		{D5FBA316-6FA4-42AC-B055-0BB79768BDB1}.Release|x86.Build.0 = Release|Any CPU
		{BF1D1B48-4D44-4223-BDCD-8285601EB1B3}.Debug|Any CPU.ActiveCfg = Debug|Any CPU
		{BF1D1B48-4D44-4223-BDCD-8285601EB1B3}.Debug|Any CPU.Build.0 = Debug|Any CPU
		{BF1D1B48-4D44-4223-BDCD-8285601EB1B3}.Debug|x64.ActiveCfg = Debug|Any CPU
		{BF1D1B48-4D44-4223-BDCD-8285601EB1B3}.Debug|x64.Build.0 = Debug|Any CPU
		{BF1D1B48-4D44-4223-BDCD-8285601EB1B3}.Debug|x86.ActiveCfg = Debug|Any CPU
		{BF1D1B48-4D44-4223-BDCD-8285601EB1B3}.Debug|x86.Build.0 = Debug|Any CPU
		{BF1D1B48-4D44-4223-BDCD-8285601EB1B3}.Release|Any CPU.ActiveCfg = Release|Any CPU
		{BF1D1B48-4D44-4223-BDCD-8285601EB1B3}.Release|Any CPU.Build.0 = Release|Any CPU
		{BF1D1B48-4D44-4223-BDCD-8285601EB1B3}.Release|x64.ActiveCfg = Release|Any CPU
		{BF1D1B48-4D44-4223-BDCD-8285601EB1B3}.Release|x64.Build.0 = Release|Any CPU
		{BF1D1B48-4D44-4223-BDCD-8285601EB1B3}.Release|x86.ActiveCfg = Release|Any CPU
		{BF1D1B48-4D44-4223-BDCD-8285601EB1B3}.Release|x86.Build.0 = Release|Any CPU
		{0E89A725-5187-428E-993F-67B8EB7A1D3C}.Debug|Any CPU.ActiveCfg = Debug|Any CPU
		{0E89A725-5187-428E-993F-67B8EB7A1D3C}.Debug|Any CPU.Build.0 = Debug|Any CPU
		{0E89A725-5187-428E-993F-67B8EB7A1D3C}.Debug|x64.ActiveCfg = Debug|Any CPU
		{0E89A725-5187-428E-993F-67B8EB7A1D3C}.Debug|x64.Build.0 = Debug|Any CPU
		{0E89A725-5187-428E-993F-67B8EB7A1D3C}.Debug|x86.ActiveCfg = Debug|Any CPU
		{0E89A725-5187-428E-993F-67B8EB7A1D3C}.Debug|x86.Build.0 = Debug|Any CPU
		{0E89A725-5187-428E-993F-67B8EB7A1D3C}.Release|Any CPU.ActiveCfg = Release|Any CPU
		{0E89A725-5187-428E-993F-67B8EB7A1D3C}.Release|Any CPU.Build.0 = Release|Any CPU
		{0E89A725-5187-428E-993F-67B8EB7A1D3C}.Release|x64.ActiveCfg = Release|Any CPU
		{0E89A725-5187-428E-993F-67B8EB7A1D3C}.Release|x64.Build.0 = Release|Any CPU
		{0E89A725-5187-428E-993F-67B8EB7A1D3C}.Release|x86.ActiveCfg = Release|Any CPU
		{0E89A725-5187-428E-993F-67B8EB7A1D3C}.Release|x86.Build.0 = Release|Any CPU
		{533F24AB-8051-4CD0-9267-597E7C397F40}.Debug|Any CPU.ActiveCfg = Debug|Any CPU
		{533F24AB-8051-4CD0-9267-597E7C397F40}.Debug|Any CPU.Build.0 = Debug|Any CPU
		{533F24AB-8051-4CD0-9267-597E7C397F40}.Debug|x64.ActiveCfg = Debug|Any CPU
		{533F24AB-8051-4CD0-9267-597E7C397F40}.Debug|x64.Build.0 = Debug|Any CPU
		{533F24AB-8051-4CD0-9267-597E7C397F40}.Debug|x86.ActiveCfg = Debug|Any CPU
		{533F24AB-8051-4CD0-9267-597E7C397F40}.Debug|x86.Build.0 = Debug|Any CPU
		{533F24AB-8051-4CD0-9267-597E7C397F40}.Release|Any CPU.ActiveCfg = Release|Any CPU
		{533F24AB-8051-4CD0-9267-597E7C397F40}.Release|Any CPU.Build.0 = Release|Any CPU
		{533F24AB-8051-4CD0-9267-597E7C397F40}.Release|x64.ActiveCfg = Release|Any CPU
		{533F24AB-8051-4CD0-9267-597E7C397F40}.Release|x64.Build.0 = Release|Any CPU
		{533F24AB-8051-4CD0-9267-597E7C397F40}.Release|x86.ActiveCfg = Release|Any CPU
		{533F24AB-8051-4CD0-9267-597E7C397F40}.Release|x86.Build.0 = Release|Any CPU
		{8A49AE94-AFB8-4208-B283-D94213385FA8}.Debug|Any CPU.ActiveCfg = Debug|Any CPU
		{8A49AE94-AFB8-4208-B283-D94213385FA8}.Debug|Any CPU.Build.0 = Debug|Any CPU
		{8A49AE94-AFB8-4208-B283-D94213385FA8}.Debug|x64.ActiveCfg = Debug|Any CPU
		{8A49AE94-AFB8-4208-B283-D94213385FA8}.Debug|x64.Build.0 = Debug|Any CPU
		{8A49AE94-AFB8-4208-B283-D94213385FA8}.Debug|x86.ActiveCfg = Debug|Any CPU
		{8A49AE94-AFB8-4208-B283-D94213385FA8}.Debug|x86.Build.0 = Debug|Any CPU
		{8A49AE94-AFB8-4208-B283-D94213385FA8}.Release|Any CPU.ActiveCfg = Release|Any CPU
		{8A49AE94-AFB8-4208-B283-D94213385FA8}.Release|Any CPU.Build.0 = Release|Any CPU
		{8A49AE94-AFB8-4208-B283-D94213385FA8}.Release|x64.ActiveCfg = Release|Any CPU
		{8A49AE94-AFB8-4208-B283-D94213385FA8}.Release|x64.Build.0 = Release|Any CPU
		{8A49AE94-AFB8-4208-B283-D94213385FA8}.Release|x86.ActiveCfg = Release|Any CPU
		{8A49AE94-AFB8-4208-B283-D94213385FA8}.Release|x86.Build.0 = Release|Any CPU
	EndGlobalSection
	GlobalSection(NestedProjects) = preSolution
		{635874B9-E619-474E-B3A8-677D84DDB447} = {58D57FC9-5BFD-4DA9-B217-BCAFAC63424A}
		{D5FBA316-6FA4-42AC-B055-0BB79768BDB1} = {44755F52-2465-40DA-9CB0-4DF0A367922F}
		{BF1D1B48-4D44-4223-BDCD-8285601EB1B3} = {58D57FC9-5BFD-4DA9-B217-BCAFAC63424A}
		{0E89A725-5187-428E-993F-67B8EB7A1D3C} = {44755F52-2465-40DA-9CB0-4DF0A367922F}
		{533F24AB-8051-4CD0-9267-597E7C397F40} = {58D57FC9-5BFD-4DA9-B217-BCAFAC63424A}
		{8A49AE94-AFB8-4208-B283-D94213385FA8} = {44755F52-2465-40DA-9CB0-4DF0A367922F}
	EndGlobalSection
EndGlobal
